
Microsoft Visual Studio Solution File, Format Version 12.00
# Visual Studio Express 2012 for Web
Project("{FAE04EC0-301F-11D3-BF4B-00C04F79EFBC}") = "log4net.SignalR", "log4net.Signalr\log4net.SignalR.csproj", "{39DCA33A-BD4B-4A41-8256-4C3864E62926}"
EndProject
Project("{FAE04EC0-301F-11D3-BF4B-00C04F79EFBC}") = "MvcExample", "MvcExample\MvcExample.csproj", "{12BF77EE-BF89-433D-A5FB-332D425F4C14}"
EndProject
Project("{2150E333-8FDC-42A3-9474-1A3956D46DE8}") = ".nuget", ".nuget", "{6F2AF9B6-1122-47ED-8B11-485F96024B95}"
	ProjectSection(SolutionItems) = preProject
		.nuget\NuGet.Config = .nuget\NuGet.Config
		.nuget\NuGet.exe = .nuget\NuGet.exe
		.nuget\NuGet.targets = .nuget\NuGet.targets
	EndProjectSection
EndProject
Global
	GlobalSection(SolutionConfigurationPlatforms) = preSolution
		Debug|Any CPU = Debug|Any CPU
		Release|Any CPU = Release|Any CPU
	EndGlobalSection
	GlobalSection(ProjectConfigurationPlatforms) = postSolution
		{39DCA33A-BD4B-4A41-8256-4C3864E62926}.Debug|Any CPU.ActiveCfg = Debug|Any CPU
		{39DCA33A-BD4B-4A41-8256-4C3864E62926}.Debug|Any CPU.Build.0 = Debug|Any CPU
		{39DCA33A-BD4B-4A41-8256-4C3864E62926}.Release|Any CPU.ActiveCfg = Release|Any CPU
		{39DCA33A-BD4B-4A41-8256-4C3864E62926}.Release|Any CPU.Build.0 = Release|Any CPU
		{12BF77EE-BF89-433D-A5FB-332D425F4C14}.Debug|Any CPU.ActiveCfg = Debug|Any CPU
		{12BF77EE-BF89-433D-A5FB-332D425F4C14}.Debug|Any CPU.Build.0 = Debug|Any CPU
		{12BF77EE-BF89-433D-A5FB-332D425F4C14}.Release|Any CPU.ActiveCfg = Release|Any CPU
		{12BF77EE-BF89-433D-A5FB-332D425F4C14}.Release|Any CPU.Build.0 = Release|Any CPU
	EndGlobalSection
	GlobalSection(SolutionProperties) = preSolution
		HideSolutionNode = FALSE
	EndGlobalSection
EndGlobal
